// !$*UTF8*$!
{
	archiveVersion = 1;
	classes = {
	};
	objectVersion = 56;
	objects = {

/* Begin PBXBuildFile section */
		6E2928CA2C2E7EDC000C867E /* KSTimelineRulerView.swift in Sources */ = {isa = PBXBuildFile; fileRef = 6E2928C52C2E7EDB000C867E /* KSTimelineRulerView.swift */; };
		6E2928CB2C2E7EDC000C867E /* KSTimelineView.swift in Sources */ = {isa = PBXBuildFile; fileRef = 6E2928C62C2E7EDB000C867E /* KSTimelineView.swift */; };
		6E2928CC2C2E7EDC000C867E /* KSTimelineContentView.swift in Sources */ = {isa = PBXBuildFile; fileRef = 6E2928C82C2E7EDB000C867E /* KSTimelineContentView.swift */; };
		6E2C97352C201777006515AB /* Utility.swift in Sources */ = {isa = PBXBuildFile; fileRef = 6E2C97342C201777006515AB /* Utility.swift */; };
		6E68773D2C1D564B006C5E42 /* AppDelegate.swift in Sources */ = {isa = PBXBuildFile; fileRef = 6E68773C2C1D564B006C5E42 /* AppDelegate.swift */; };
		6E6877412C1D564B006C5E42 /* ViewController.swift in Sources */ = {isa = PBXBuildFile; fileRef = 6E6877402C1D564B006C5E42 /* ViewController.swift */; };
		6E6877442C1D564B006C5E42 /* Main.storyboard in Resources */ = {isa = PBXBuildFile; fileRef = 6E6877422C1D564B006C5E42 /* Main.storyboard */; };
		6E6877462C1D564D006C5E42 /* Assets.xcassets in Resources */ = {isa = PBXBuildFile; fileRef = 6E6877452C1D564D006C5E42 /* Assets.xcassets */; };
		6E6877492C1D564D006C5E42 /* LaunchScreen.storyboard in Resources */ = {isa = PBXBuildFile; fileRef = 6E6877472C1D564D006C5E42 /* LaunchScreen.storyboard */; };
		6E68781C2C1D5C1A006C5E42 /* VideoFileReader.swift in Sources */ = {isa = PBXBuildFile; fileRef = 6E68781B2C1D5C1A006C5E42 /* VideoFileReader.swift */; };
		CA78633D98553F923647A4E4 /* Pods_H264VideoDecoder2.framework in Frameworks */ = {isa = PBXBuildFile; fileRef = 1A78941695175D6CAAB5D7DB /* Pods_H264VideoDecoder2.framework */; };
/* End PBXBuildFile section */

/* Begin PBXFileReference section */
		1A78941695175D6CAAB5D7DB /* Pods_H264VideoDecoder2.framework */ = {isa = PBXFileReference; explicitFileType = wrapper.framework; includeInIndex = 0; path = Pods_H264VideoDecoder2.framework; sourceTree = BUILT_PRODUCTS_DIR; };
		6E2928C52C2E7EDB000C867E /* KSTimelineRulerView.swift */ = {isa = PBXFileReference; fileEncoding = 4; lastKnownFileType = sourcecode.swift; path = KSTimelineRulerView.swift; sourceTree = "<group>"; };
		6E2928C62C2E7EDB000C867E /* KSTimelineView.swift */ = {isa = PBXFileReference; fileEncoding = 4; lastKnownFileType = sourcecode.swift; path = KSTimelineView.swift; sourceTree = "<group>"; };
		6E2928C72C2E7EDB000C867E /* KSTimeline.h */ = {isa = PBXFileReference; fileEncoding = 4; lastKnownFileType = sourcecode.c.h; path = KSTimeline.h; sourceTree = "<group>"; };
		6E2928C82C2E7EDB000C867E /* KSTimelineContentView.swift */ = {isa = PBXFileReference; fileEncoding = 4; lastKnownFileType = sourcecode.swift; path = KSTimelineContentView.swift; sourceTree = "<group>"; };
		6E2C97342C201777006515AB /* Utility.swift */ = {isa = PBXFileReference; lastKnownFileType = sourcecode.swift; path = Utility.swift; sourceTree = "<group>"; };
		6E6877392C1D564B006C5E42 /* H264VideoDecoder2.app */ = {isa = PBXFileReference; explicitFileType = wrapper.application; includeInIndex = 0; path = H264VideoDecoder2.app; sourceTree = BUILT_PRODUCTS_DIR; };
		6E68773C2C1D564B006C5E42 /* AppDelegate.swift */ = {isa = PBXFileReference; lastKnownFileType = sourcecode.swift; path = AppDelegate.swift; sourceTree = "<group>"; };
		6E6877402C1D564B006C5E42 /* ViewController.swift */ = {isa = PBXFileReference; lastKnownFileType = sourcecode.swift; path = ViewController.swift; sourceTree = "<group>"; };
		6E6877432C1D564B006C5E42 /* Base */ = {isa = PBXFileReference; lastKnownFileType = file.storyboard; name = Base; path = Base.lproj/Main.storyboard; sourceTree = "<group>"; };
		6E6877452C1D564D006C5E42 /* Assets.xcassets */ = {isa = PBXFileReference; lastKnownFileType = folder.assetcatalog; path = Assets.xcassets; sourceTree = "<group>"; };
		6E6877482C1D564D006C5E42 /* Base */ = {isa = PBXFileReference; lastKnownFileType = file.storyboard; name = Base; path = Base.lproj/LaunchScreen.storyboard; sourceTree = "<group>"; };
		6E68774A2C1D564D006C5E42 /* Info.plist */ = {isa = PBXFileReference; lastKnownFileType = text.plist.xml; path = Info.plist; sourceTree = "<group>"; };
		6E68781B2C1D5C1A006C5E42 /* VideoFileReader.swift */ = {isa = PBXFileReference; fileEncoding = 4; lastKnownFileType = sourcecode.swift; path = VideoFileReader.swift; sourceTree = "<group>"; };
		8A992410096C133588A12285 /* Pods-H264VideoDecoder2.release.xcconfig */ = {isa = PBXFileReference; includeInIndex = 1; lastKnownFileType = text.xcconfig; name = "Pods-H264VideoDecoder2.release.xcconfig"; path = "Target Support Files/Pods-H264VideoDecoder2/Pods-H264VideoDecoder2.release.xcconfig"; sourceTree = "<group>"; };
		CC5C9D671B4DBD9F990C14AA /* Pods-H264VideoDecoder2.debug.xcconfig */ = {isa = PBXFileReference; includeInIndex = 1; lastKnownFileType = text.xcconfig; name = "Pods-H264VideoDecoder2.debug.xcconfig"; path = "Target Support Files/Pods-H264VideoDecoder2/Pods-H264VideoDecoder2.debug.xcconfig"; sourceTree = "<group>"; };
/* End PBXFileReference section */

/* Begin PBXFrameworksBuildPhase section */
		6E6877362C1D564B006C5E42 /* Frameworks */ = {
			isa = PBXFrameworksBuildPhase;
			buildActionMask = 2147483647;
			files = (
				CA78633D98553F923647A4E4 /* Pods_H264VideoDecoder2.framework in Frameworks */,
			);
			runOnlyForDeploymentPostprocessing = 0;
		};
/* End PBXFrameworksBuildPhase section */

/* Begin PBXGroup section */
		3DBA11FB6B51633C82C57366 /* Frameworks */ = {
			isa = PBXGroup;
			children = (
				1A78941695175D6CAAB5D7DB /* Pods_H264VideoDecoder2.framework */,
			);
			name = Frameworks;
			sourceTree = "<group>";
		};
		3EE80FF511B083B46C70A03C /* Pods */ = {
			isa = PBXGroup;
			children = (
				CC5C9D671B4DBD9F990C14AA /* Pods-H264VideoDecoder2.debug.xcconfig */,
				8A992410096C133588A12285 /* Pods-H264VideoDecoder2.release.xcconfig */,
			);
			path = Pods;
			sourceTree = "<group>";
		};
		6E2928C42C2E7EDB000C867E /* KSTimeline */ = {
			isa = PBXGroup;
			children = (
				6E2928C52C2E7EDB000C867E /* KSTimelineRulerView.swift */,
				6E2928C62C2E7EDB000C867E /* KSTimelineView.swift */,
				6E2928C72C2E7EDB000C867E /* KSTimeline.h */,
				6E2928C82C2E7EDB000C867E /* KSTimelineContentView.swift */,
			);
			path = KSTimeline;
			sourceTree = "<group>";
		};
		6E6877302C1D564A006C5E42 = {
			isa = PBXGroup;
			children = (
				6E68773B2C1D564B006C5E42 /* H264VideoDecoder2 */,
				6E68773A2C1D564B006C5E42 /* Products */,
				3EE80FF511B083B46C70A03C /* Pods */,
				3DBA11FB6B51633C82C57366 /* Frameworks */,
			);
			sourceTree = "<group>";
		};
		6E68773A2C1D564B006C5E42 /* Products */ = {
			isa = PBXGroup;
			children = (
				6E6877392C1D564B006C5E42 /* H264VideoDecoder2.app */,
			);
			name = Products;
			sourceTree = "<group>";
		};
		6E68773B2C1D564B006C5E42 /* H264VideoDecoder2 */ = {
			isa = PBXGroup;
			children = (
				6E68773C2C1D564B006C5E42 /* AppDelegate.swift */,
				6E6877402C1D564B006C5E42 /* ViewController.swift */,
				6E68781B2C1D5C1A006C5E42 /* VideoFileReader.swift */,
				6E6877422C1D564B006C5E42 /* Main.storyboard */,
				6E6877452C1D564D006C5E42 /* Assets.xcassets */,
				6E6877472C1D564D006C5E42 /* LaunchScreen.storyboard */,
				6E68774A2C1D564D006C5E42 /* Info.plist */,
				6E2C97342C201777006515AB /* Utility.swift */,
				6E2928C42C2E7EDB000C867E /* KSTimeline */,
			);
			path = H264VideoDecoder2;
			sourceTree = "<group>";
		};
/* End PBXGroup section */

/* Begin PBXNativeTarget section */
		6E6877382C1D564B006C5E42 /* H264VideoDecoder2 */ = {
			isa = PBXNativeTarget;
			buildConfigurationList = 6E68774D2C1D564D006C5E42 /* Build configuration list for PBXNativeTarget "H264VideoDecoder2" */;
			buildPhases = (
				EF8E6EF3DC00F0C61F1E5299 /* [CP] Check Pods Manifest.lock */,
				6E6877352C1D564B006C5E42 /* Sources */,
				6E6877362C1D564B006C5E42 /* Frameworks */,
				6E6877372C1D564B006C5E42 /* Resources */,
				789264A170BDC4BCA3E134BA /* [CP] Embed Pods Frameworks */,
			);
			buildRules = (
			);
			dependencies = (
			);
			name = H264VideoDecoder2;
			productName = H264VideoDecoder2;
			productReference = 6E6877392C1D564B006C5E42 /* H264VideoDecoder2.app */;
			productType = "com.apple.product-type.application";
		};
/* End PBXNativeTarget section */

/* Begin PBXProject section */
		6E6877312C1D564A006C5E42 /* Project object */ = {
			isa = PBXProject;
			attributes = {
				BuildIndependentTargetsInParallel = 1;
				LastSwiftUpdateCheck = 1420;
				LastUpgradeCheck = 1420;
				TargetAttributes = {
					6E6877382C1D564B006C5E42 = {
						CreatedOnToolsVersion = 14.2;
					};
				};
			};
			buildConfigurationList = 6E6877342C1D564A006C5E42 /* Build configuration list for PBXProject "H264VideoDecoder2" */;
			compatibilityVersion = "Xcode 14.0";
			developmentRegion = en;
			hasScannedForEncodings = 0;
			knownRegions = (
				en,
				Base,
			);
			mainGroup = 6E6877302C1D564A006C5E42;
			productRefGroup = 6E68773A2C1D564B006C5E42 /* Products */;
			projectDirPath = "";
			projectRoot = "";
			targets = (
				6E6877382C1D564B006C5E42 /* H264VideoDecoder2 */,
			);
		};
/* End PBXProject section */

/* Begin PBXResourcesBuildPhase section */
		6E6877372C1D564B006C5E42 /* Resources */ = {
			isa = PBXResourcesBuildPhase;
			buildActionMask = 2147483647;
			files = (
				6E6877492C1D564D006C5E42 /* LaunchScreen.storyboard in Resources */,
				6E6877462C1D564D006C5E42 /* Assets.xcassets in Resources */,
				6E6877442C1D564B006C5E42 /* Main.storyboard in Resources */,
			);
			runOnlyForDeploymentPostprocessing = 0;
		};
/* End PBXResourcesBuildPhase section */

/* Begin PBXShellScriptBuildPhase section */
		789264A170BDC4BCA3E134BA /* [CP] Embed Pods Frameworks */ = {
			isa = PBXShellScriptBuildPhase;
			buildActionMask = 2147483647;
			files = (
			);
			inputFileListPaths = (
				"${PODS_ROOT}/Target Support Files/Pods-H264VideoDecoder2/Pods-H264VideoDecoder2-frameworks-${CONFIGURATION}-input-files.xcfilelist",
			);
			name = "[CP] Embed Pods Frameworks";
			outputFileListPaths = (
				"${PODS_ROOT}/Target Support Files/Pods-H264VideoDecoder2/Pods-H264VideoDecoder2-frameworks-${CONFIGURATION}-output-files.xcfilelist",
			);
			runOnlyForDeploymentPostprocessing = 0;
			shellPath = /bin/sh;
			shellScript = "\"${PODS_ROOT}/Target Support Files/Pods-H264VideoDecoder2/Pods-H264VideoDecoder2-frameworks.sh\"\n";
			showEnvVarsInLog = 0;
		};
		EF8E6EF3DC00F0C61F1E5299 /* [CP] Check Pods Manifest.lock */ = {
			isa = PBXShellScriptBuildPhase;
			buildActionMask = 2147483647;
			files = (
			);
			inputFileListPaths = (
			);
			inputPaths = (
				"${PODS_PODFILE_DIR_PATH}/Podfile.lock",
				"${PODS_ROOT}/Manifest.lock",
			);
			name = "[CP] Check Pods Manifest.lock";
			outputFileListPaths = (
			);
			outputPaths = (
				"$(DERIVED_FILE_DIR)/Pods-H264VideoDecoder2-checkManifestLockResult.txt",
			);
			runOnlyForDeploymentPostprocessing = 0;
			shellPath = /bin/sh;
			shellScript = "diff \"${PODS_PODFILE_DIR_PATH}/Podfile.lock\" \"${PODS_ROOT}/Manifest.lock\" > /dev/null\nif [ $? != 0 ] ; then\n    # print error to STDERR\n    echo \"error: The sandbox is not in sync with the Podfile.lock. Run 'pod install' or update your CocoaPods installation.\" >&2\n    exit 1\nfi\n# This output is used by Xcode 'outputs' to avoid re-running this script phase.\necho \"SUCCESS\" > \"${SCRIPT_OUTPUT_FILE_0}\"\n";
			showEnvVarsInLog = 0;
		};
/* End PBXShellScriptBuildPhase section */

/* Begin PBXSourcesBuildPhase section */
		6E6877352C1D564B006C5E42 /* Sources */ = {
			isa = PBXSourcesBuildPhase;
			buildActionMask = 2147483647;
			files = (
				6E2C97352C201777006515AB /* Utility.swift in Sources */,
				6E2928CC2C2E7EDC000C867E /* KSTimelineContentView.swift in Sources */,
				6E6877412C1D564B006C5E42 /* ViewController.swift in Sources */,
				6E68773D2C1D564B006C5E42 /* AppDelegate.swift in Sources */,
				6E2928CB2C2E7EDC000C867E /* KSTimelineView.swift in Sources */,
				6E68781C2C1D5C1A006C5E42 /* VideoFileReader.swift in Sources */,
				6E2928CA2C2E7EDC000C867E /* KSTimelineRulerView.swift in Sources */,
			);
			runOnlyForDeploymentPostprocessing = 0;
		};
/* End PBXSourcesBuildPhase section */

/* Begin PBXVariantGroup section */
		6E6877422C1D564B006C5E42 /* Main.storyboard */ = {
			isa = PBXVariantGroup;
			children = (
				6E6877432C1D564B006C5E42 /* Base */,
			);
			name = Main.storyboard;
			sourceTree = "<group>";
		};
		6E6877472C1D564D006C5E42 /* LaunchScreen.storyboard */ = {
			isa = PBXVariantGroup;
			children = (
				6E6877482C1D564D006C5E42 /* Base */,
			);
			name = LaunchScreen.storyboard;
			sourceTree = "<group>";
		};
/* End PBXVariantGroup section */

/* Begin XCBuildConfiguration section */
		6E68774B2C1D564D006C5E42 /* Debug */ = {
			isa = XCBuildConfiguration;
			buildSettings = {
				ALWAYS_SEARCH_USER_PATHS = NO;
				CLANG_ANALYZER_NONNULL = YES;
				CLANG_ANALYZER_NUMBER_OBJECT_CONVERSION = YES_AGGRESSIVE;
				CLANG_CXX_LANGUAGE_STANDARD = "gnu++20";
				CLANG_ENABLE_MODULES = YES;
				CLANG_ENABLE_OBJC_ARC = YES;
				CLANG_ENABLE_OBJC_WEAK = YES;
				CLANG_WARN_BLOCK_CAPTURE_AUTORELEASING = YES;
				CLANG_WARN_BOOL_CONVERSION = YES;
				CLANG_WARN_COMMA = YES;
				CLANG_WARN_CONSTANT_CONVERSION = YES;
				CLANG_WARN_DEPRECATED_OBJC_IMPLEMENTATIONS = YES;
				CLANG_WARN_DIRECT_OBJC_ISA_USAGE = YES_ERROR;
				CLANG_WARN_DOCUMENTATION_COMMENTS = YES;
				CLANG_WARN_EMPTY_BODY = YES;
				CLANG_WARN_ENUM_CONVERSION = YES;
				CLANG_WARN_INFINITE_RECURSION = YES;
				CLANG_WARN_INT_CONVERSION = YES;
				CLANG_WARN_NON_LITERAL_NULL_CONVERSION = YES;
				CLANG_WARN_OBJC_IMPLICIT_RETAIN_SELF = YES;
				CLANG_WARN_OBJC_LITERAL_CONVERSION = YES;
				CLANG_WARN_OBJC_ROOT_CLASS = YES_ERROR;
				CLANG_WARN_QUOTED_INCLUDE_IN_FRAMEWORK_HEADER = YES;
				CLANG_WARN_RANGE_LOOP_ANALYSIS = YES;
				CLANG_WARN_STRICT_PROTOTYPES = YES;
				CLANG_WARN_SUSPICIOUS_MOVE = YES;
				CLANG_WARN_UNGUARDED_AVAILABILITY = YES_AGGRESSIVE;
				CLANG_WARN_UNREACHABLE_CODE = YES;
				CLANG_WARN__DUPLICATE_METHOD_MATCH = YES;
				COPY_PHASE_STRIP = NO;
				DEBUG_INFORMATION_FORMAT = dwarf;
				ENABLE_STRICT_OBJC_MSGSEND = YES;
				ENABLE_TESTABILITY = YES;
				GCC_C_LANGUAGE_STANDARD = gnu11;
				GCC_DYNAMIC_NO_PIC = NO;
				GCC_NO_COMMON_BLOCKS = YES;
				GCC_OPTIMIZATION_LEVEL = 0;
				GCC_PREPROCESSOR_DEFINITIONS = (
					"DEBUG=1",
					"$(inherited)",
				);
				GCC_WARN_64_TO_32_BIT_CONVERSION = YES;
				GCC_WARN_ABOUT_RETURN_TYPE = YES_ERROR;
				GCC_WARN_UNDECLARED_SELECTOR = YES;
				GCC_WARN_UNINITIALIZED_AUTOS = YES_AGGRESSIVE;
				GCC_WARN_UNUSED_FUNCTION = YES;
				GCC_WARN_UNUSED_VARIABLE = YES;
				IPHONEOS_DEPLOYMENT_TARGET = 16.2;
				MTL_ENABLE_DEBUG_INFO = INCLUDE_SOURCE;
				MTL_FAST_MATH = YES;
				ONLY_ACTIVE_ARCH = YES;
				SDKROOT = iphoneos;
				SWIFT_ACTIVE_COMPILATION_CONDITIONS = DEBUG;
				SWIFT_OPTIMIZATION_LEVEL = "-Onone";
			};
			name = Debug;
		};
		6E68774C2C1D564D006C5E42 /* Release */ = {
			isa = XCBuildConfiguration;
			buildSettings = {
				ALWAYS_SEARCH_USER_PATHS = NO;
				CLANG_ANALYZER_NONNULL = YES;
				CLANG_ANALYZER_NUMBER_OBJECT_CONVERSION = YES_AGGRESSIVE;
				CLANG_CXX_LANGUAGE_STANDARD = "gnu++20";
				CLANG_ENABLE_MODULES = YES;
				CLANG_ENABLE_OBJC_ARC = YES;
				CLANG_ENABLE_OBJC_WEAK = YES;
				CLANG_WARN_BLOCK_CAPTURE_AUTORELEASING = YES;
				CLANG_WARN_BOOL_CONVERSION = YES;
				CLANG_WARN_COMMA = YES;
				CLANG_WARN_CONSTANT_CONVERSION = YES;
				CLANG_WARN_DEPRECATED_OBJC_IMPLEMENTATIONS = YES;
				CLANG_WARN_DIRECT_OBJC_ISA_USAGE = YES_ERROR;
				CLANG_WARN_DOCUMENTATION_COMMENTS = YES;
				CLANG_WARN_EMPTY_BODY = YES;
				CLANG_WARN_ENUM_CONVERSION = YES;
				CLANG_WARN_INFINITE_RECURSION = YES;
				CLANG_WARN_INT_CONVERSION = YES;
				CLANG_WARN_NON_LITERAL_NULL_CONVERSION = YES;
				CLANG_WARN_OBJC_IMPLICIT_RETAIN_SELF = YES;
				CLANG_WARN_OBJC_LITERAL_CONVERSION = YES;
				CLANG_WARN_OBJC_ROOT_CLASS = YES_ERROR;
				CLANG_WARN_QUOTED_INCLUDE_IN_FRAMEWORK_HEADER = YES;
				CLANG_WARN_RANGE_LOOP_ANALYSIS = YES;
				CLANG_WARN_STRICT_PROTOTYPES = YES;
				CLANG_WARN_SUSPICIOUS_MOVE = YES;
				CLANG_WARN_UNGUARDED_AVAILABILITY = YES_AGGRESSIVE;
				CLANG_WARN_UNREACHABLE_CODE = YES;
				CLANG_WARN__DUPLICATE_METHOD_MATCH = YES;
				COPY_PHASE_STRIP = NO;
				DEBUG_INFORMATION_FORMAT = "dwarf-with-dsym";
				ENABLE_NS_ASSERTIONS = NO;
				ENABLE_STRICT_OBJC_MSGSEND = YES;
				GCC_C_LANGUAGE_STANDARD = gnu11;
				GCC_NO_COMMON_BLOCKS = YES;
				GCC_WARN_64_TO_32_BIT_CONVERSION = YES;
				GCC_WARN_ABOUT_RETURN_TYPE = YES_ERROR;
				GCC_WARN_UNDECLARED_SELECTOR = YES;
				GCC_WARN_UNINITIALIZED_AUTOS = YES_AGGRESSIVE;
				GCC_WARN_UNUSED_FUNCTION = YES;
				GCC_WARN_UNUSED_VARIABLE = YES;
				IPHONEOS_DEPLOYMENT_TARGET = 16.2;
				MTL_ENABLE_DEBUG_INFO = NO;
				MTL_FAST_MATH = YES;
				SDKROOT = iphoneos;
				SWIFT_COMPILATION_MODE = wholemodule;
				SWIFT_OPTIMIZATION_LEVEL = "-O";
				VALIDATE_PRODUCT = YES;
			};
			name = Release;
		};
		6E68774E2C1D564D006C5E42 /* Debug */ = {
			isa = XCBuildConfiguration;
			baseConfigurationReference = CC5C9D671B4DBD9F990C14AA /* Pods-H264VideoDecoder2.debug.xcconfig */;
			buildSettings = {
				ASSETCATALOG_COMPILER_APPICON_NAME = AppIcon;
				ASSETCATALOG_COMPILER_GLOBAL_ACCENT_COLOR_NAME = AccentColor;
				CODE_SIGN_STYLE = Automatic;
				CURRENT_PROJECT_VERSION = 1;
				DEVELOPMENT_TEAM = 5G7NC8X3YU;
				GENERATE_INFOPLIST_FILE = YES;
				INFOPLIST_FILE = H264VideoDecoder2/Info.plist;
				INFOPLIST_KEY_UIApplicationSupportsIndirectInputEvents = YES;
				INFOPLIST_KEY_UILaunchStoryboardName = LaunchScreen;
				INFOPLIST_KEY_UIMainStoryboardFile = Main;
				INFOPLIST_KEY_UISupportedInterfaceOrientations = "UIInterfaceOrientationLandscapeLeft UIInterfaceOrientationLandscapeRight";
				LD_RUNPATH_SEARCH_PATHS = (
					"$(inherited)",
					"@executable_path/Frameworks",
				);
				MARKETING_VERSION = 1.0;
				PRODUCT_BUNDLE_IDENTIFIER = com.baba.test.H264VideoDecoder2;
				PRODUCT_NAME = "$(TARGET_NAME)";
				SWIFT_EMIT_LOC_STRINGS = YES;
				SWIFT_VERSION = 5.0;
				TARGETED_DEVICE_FAMILY = "1,2";
			};
			name = Debug;
		};
		6E68774F2C1D564D006C5E42 /* Release */ = {
			isa = XCBuildConfiguration;
			baseConfigurationReference = 8A992410096C133588A12285 /* Pods-H264VideoDecoder2.release.xcconfig */;
			buildSettings = {
				ASSETCATALOG_COMPILER_APPICON_NAME = AppIcon;
				ASSETCATALOG_COMPILER_GLOBAL_ACCENT_COLOR_NAME = AccentColor;
				CODE_SIGN_STYLE = Automatic;
				CURRENT_PROJECT_VERSION = 1;
				DEVELOPMENT_TEAM = 5G7NC8X3YU;
				GENERATE_INFOPLIST_FILE = YES;
				INFOPLIST_FILE = H264VideoDecoder2/Info.plist;
				INFOPLIST_KEY_UIApplicationSupportsIndirectInputEvents = YES;
				INFOPLIST_KEY_UILaunchStoryboardName = LaunchScreen;
				INFOPLIST_KEY_UIMainStoryboardFile = Main;
				INFOPLIST_KEY_UISupportedInterfaceOrientations = "UIInterfaceOrientationLandscapeLeft UIInterfaceOrientationLandscapeRight";
				LD_RUNPATH_SEARCH_PATHS = (
					"$(inherited)",
					"@executable_path/Frameworks",
				);
				MARKETING_VERSION = 1.0;
				PRODUCT_BUNDLE_IDENTIFIER = com.baba.test.H264VideoDecoder2;
				PRODUCT_NAME = "$(TARGET_NAME)";
				SWIFT_EMIT_LOC_STRINGS = YES;
				SWIFT_VERSION = 5.0;
				TARGETED_DEVICE_FAMILY = "1,2";
			};
			name = Release;
		};
/* End XCBuildConfiguration section */

/* Begin XCConfigurationList section */
		6E6877342C1D564A006C5E42 /* Build configuration list for PBXProject "H264VideoDecoder2" */ = {
			isa = XCConfigurationList;
			buildConfigurations = (
				6E68774B2C1D564D006C5E42 /* Debug */,
				6E68774C2C1D564D006C5E42 /* Release */,
			);
			defaultConfigurationIsVisible = 0;
			defaultConfigurationName = Release;
		};
		6E68774D2C1D564D006C5E42 /* Build configuration list for PBXNativeTarget "H264VideoDecoder2" */ = {
			isa = XCConfigurationList;
			buildConfigurations = (
				6E68774E2C1D564D006C5E42 /* Debug */,
				6E68774F2C1D564D006C5E42 /* Release */,
			);
			defaultConfigurationIsVisible = 0;
			defaultConfigurationName = Release;
		};
/* End XCConfigurationList section */
	};
	rootObject = 6E6877312C1D564A006C5E42 /* Project object */;
}
